
Microsoft Visual Studio Solution File, Format Version 12.00
# Visual Studio 14
VisualStudioVersion = 14.0.25420.1
MinimumVisualStudioVersion = 10.0.40219.1
Project("{FAE04EC0-301F-11D3-BF4B-00C04F79EFBC}") = "ACM.BL", "ACM.BL\ACM.BL.csproj", "{9AF25CC0-6F1C-4228-B004-9D76E0F24DB1}"
EndProject
Project("{2150E333-8FDC-42A3-9474-1A3956D46DE8}") = "Tests", "Tests", "{8E55F6EF-BB93-4BF7-A1A3-CF6BF79CBA45}"
EndProject
Project("{FAE04EC0-301F-11D3-BF4B-00C04F79EFBC}") = "ACM.BLTest", "ACM.BLTest\ACM.BLTest.csproj", "{E3413AEA-3D42-4B8E-AC3F-F98FBDE6505E}"
EndProject
Global
	GlobalSection(SolutionConfigurationPlatforms) = preSolution
		Debug|Any CPU = Debug|Any CPU
		Release|Any CPU = Release|Any CPU
	EndGlobalSection
	GlobalSection(ProjectConfigurationPlatforms) = postSolution
		{9AF25CC0-6F1C-4228-B004-9D76E0F24DB1}.Debug|Any CPU.ActiveCfg = Debug|Any CPU
		{9AF25CC0-6F1C-4228-B004-9D76E0F24DB1}.Debug|Any CPU.Build.0 = Debug|Any CPU
		{9AF25CC0-6F1C-4228-B004-9D76E0F24DB1}.Release|Any CPU.ActiveCfg = Release|Any CPU
		{9AF25CC0-6F1C-4228-B004-9D76E0F24DB1}.Release|Any CPU.Build.0 = Release|Any CPU
		{E3413AEA-3D42-4B8E-AC3F-F98FBDE6505E}.Debug|Any CPU.ActiveCfg = Debug|Any CPU
		{E3413AEA-3D42-4B8E-AC3F-F98FBDE6505E}.Debug|Any CPU.Build.0 = Debug|Any CPU
		{E3413AEA-3D42-4B8E-AC3F-F98FBDE6505E}.Release|Any CPU.ActiveCfg = Release|Any CPU
		{E3413AEA-3D42-4B8E-AC3F-F98FBDE6505E}.Release|Any CPU.Build.0 = Release|Any CPU
	EndGlobalSection
	GlobalSection(SolutionProperties) = preSolution
		HideSolutionNode = FALSE
	EndGlobalSection
	GlobalSection(NestedProjects) = preSolution
		{E3413AEA-3D42-4B8E-AC3F-F98FBDE6505E} = {8E55F6EF-BB93-4BF7-A1A3-CF6BF79CBA45}
	EndGlobalSection
EndGlobal
